// !$*UTF8*$!
{
	archiveVersion = 1;
	classes = {
	};
	objectVersion = 46;
	objects = {

/* Begin PBXBuildFile section */
		DD2B10591D9D6D2800659FE7 /* 1@2x.png in Resources */ = {isa = PBXBuildFile; fileRef = DD2B10581D9D6D2800659FE7 /* 1@2x.png */; };
		DD466BA11D9C0672007E7F91 /* main.m in Sources */ = {isa = PBXBuildFile; fileRef = DD466BA01D9C0672007E7F91 /* main.m */; };
		DD466BA41D9C0672007E7F91 /* AppDelegate.m in Sources */ = {isa = PBXBuildFile; fileRef = DD466BA31D9C0672007E7F91 /* AppDelegate.m */; };
		DD466BA71D9C0672007E7F91 /* ViewController.m in Sources */ = {isa = PBXBuildFile; fileRef = DD466BA61D9C0672007E7F91 /* ViewController.m */; };
		DD466BAA1D9C0672007E7F91 /* Main.storyboard in Resources */ = {isa = PBXBuildFile; fileRef = DD466BA81D9C0672007E7F91 /* Main.storyboard */; };
		DD466BAC1D9C0672007E7F91 /* Assets.xcassets in Resources */ = {isa = PBXBuildFile; fileRef = DD466BAB1D9C0672007E7F91 /* Assets.xcassets */; };
		DD466BAF1D9C0672007E7F91 /* LaunchScreen.storyboard in Resources */ = {isa = PBXBuildFile; fileRef = DD466BAD1D9C0672007E7F91 /* LaunchScreen.storyboard */; };
		DD466BBA1D9C0672007E7F91 /* DSLToolTests.m in Sources */ = {isa = PBXBuildFile; fileRef = DD466BB91D9C0672007E7F91 /* DSLToolTests.m */; };
		DD466BC51D9C0672007E7F91 /* DSLToolUITests.m in Sources */ = {isa = PBXBuildFile; fileRef = DD466BC41D9C0672007E7F91 /* DSLToolUITests.m */; };
		DD466BD51D9C06D8007E7F91 /* DSLTool.m in Sources */ = {isa = PBXBuildFile; fileRef = DD466BD41D9C06D8007E7F91 /* DSLTool.m */; };
/* End PBXBuildFile section */

/* Begin PBXContainerItemProxy section */
		DD466BB61D9C0672007E7F91 /* PBXContainerItemProxy */ = {
			isa = PBXContainerItemProxy;
			containerPortal = DD466B941D9C0672007E7F91 /* Project object */;
			proxyType = 1;
			remoteGlobalIDString = DD466B9B1D9C0672007E7F91;
			remoteInfo = DSLTool;
		};
		DD466BC11D9C0672007E7F91 /* PBXContainerItemProxy */ = {
			isa = PBXContainerItemProxy;
			containerPortal = DD466B941D9C0672007E7F91 /* Project object */;
			proxyType = 1;
			remoteGlobalIDString = DD466B9B1D9C0672007E7F91;
			remoteInfo = DSLTool;
		};
/* End PBXContainerItemProxy section */

/* Begin PBXFileReference section */
		DD2B10581D9D6D2800659FE7 /* 1@2x.png */ = {isa = PBXFileReference; lastKnownFileType = image.png; path = "1@2x.png"; sourceTree = "<group>"; };
		DD466B9C1D9C0672007E7F91 /* DSLTool.app */ = {isa = PBXFileReference; explicitFileType = wrapper.application; includeInIndex = 0; path = DSLTool.app; sourceTree = BUILT_PRODUCTS_DIR; };
		DD466BA01D9C0672007E7F91 /* main.m */ = {isa = PBXFileReference; lastKnownFileType = sourcecode.c.objc; path = main.m; sourceTree = "<group>"; };
		DD466BA21D9C0672007E7F91 /* AppDelegate.h */ = {isa = PBXFileReference; lastKnownFileType = sourcecode.c.h; path = AppDelegate.h; sourceTree = "<group>"; };
		DD466BA31D9C0672007E7F91 /* AppDelegate.m */ = {isa = PBXFileReference; lastKnownFileType = sourcecode.c.objc; path = AppDelegate.m; sourceTree = "<group>"; };
		DD466BA51D9C0672007E7F91 /* ViewController.h */ = {isa = PBXFileReference; lastKnownFileType = sourcecode.c.h; path = ViewController.h; sourceTree = "<group>"; };
		DD466BA61D9C0672007E7F91 /* ViewController.m */ = {isa = PBXFileReference; lastKnownFileType = sourcecode.c.objc; path = ViewController.m; sourceTree = "<group>"; };
		DD466BA91D9C0672007E7F91 /* Base */ = {isa = PBXFileReference; lastKnownFileType = file.storyboard; name = Base; path = Base.lproj/Main.storyboard; sourceTree = "<group>"; };
		DD466BAB1D9C0672007E7F91 /* Assets.xcassets */ = {isa = PBXFileReference; lastKnownFileType = folder.assetcatalog; path = Assets.xcassets; sourceTree = "<group>"; };
		DD466BAE1D9C0672007E7F91 /* Base */ = {isa = PBXFileReference; lastKnownFileType = file.storyboard; name = Base; path = Base.lproj/LaunchScreen.storyboard; sourceTree = "<group>"; };
		DD466BB01D9C0672007E7F91 /* Info.plist */ = {isa = PBXFileReference; lastKnownFileType = text.plist.xml; path = Info.plist; sourceTree = "<group>"; };
		DD466BB51D9C0672007E7F91 /* DSLToolTests.xctest */ = {isa = PBXFileReference; explicitFileType = wrapper.cfbundle; includeInIndex = 0; path = DSLToolTests.xctest; sourceTree = BUILT_PRODUCTS_DIR; };
		DD466BB91D9C0672007E7F91 /* DSLToolTests.m */ = {isa = PBXFileReference; lastKnownFileType = sourcecode.c.objc; path = DSLToolTests.m; sourceTree = "<group>"; };
		DD466BBB1D9C0672007E7F91 /* Info.plist */ = {isa = PBXFileReference; lastKnownFileType = text.plist.xml; path = Info.plist; sourceTree = "<group>"; };
		DD466BC01D9C0672007E7F91 /* DSLToolUITests.xctest */ = {isa = PBXFileReference; explicitFileType = wrapper.cfbundle; includeInIndex = 0; path = DSLToolUITests.xctest; sourceTree = BUILT_PRODUCTS_DIR; };
		DD466BC41D9C0672007E7F91 /* DSLToolUITests.m */ = {isa = PBXFileReference; lastKnownFileType = sourcecode.c.objc; path = DSLToolUITests.m; sourceTree = "<group>"; };
		DD466BC61D9C0672007E7F91 /* Info.plist */ = {isa = PBXFileReference; lastKnownFileType = text.plist.xml; path = Info.plist; sourceTree = "<group>"; };
		DD466BD31D9C06D8007E7F91 /* DSLTool.h */ = {isa = PBXFileReference; fileEncoding = 4; lastKnownFileType = sourcecode.c.h; path = DSLTool.h; sourceTree = "<group>"; };
		DD466BD41D9C06D8007E7F91 /* DSLTool.m */ = {isa = PBXFileReference; fileEncoding = 4; lastKnownFileType = sourcecode.c.objc; path = DSLTool.m; sourceTree = "<group>"; };
		DD466BD61D9C075A007E7F91 /* PrefixHeader.pch */ = {isa = PBXFileReference; fileEncoding = 4; lastKnownFileType = sourcecode.c.h; path = PrefixHeader.pch; sourceTree = "<group>"; };
/* End PBXFileReference section */

/* Begin PBXFrameworksBuildPhase section */
		DD466B991D9C0672007E7F91 /* Frameworks */ = {
			isa = PBXFrameworksBuildPhase;
			buildActionMask = 2147483647;
			files = (
			);
			runOnlyForDeploymentPostprocessing = 0;
		};
		DD466BB21D9C0672007E7F91 /* Frameworks */ = {
			isa = PBXFrameworksBuildPhase;
			buildActionMask = 2147483647;
			files = (
			);
			runOnlyForDeploymentPostprocessing = 0;
		};
		DD466BBD1D9C0672007E7F91 /* Frameworks */ = {
			isa = PBXFrameworksBuildPhase;
			buildActionMask = 2147483647;
			files = (
			);
			runOnlyForDeploymentPostprocessing = 0;
		};
/* End PBXFrameworksBuildPhase section */

/* Begin PBXGroup section */
		DD466B931D9C0672007E7F91 = {
			isa = PBXGroup;
			children = (
				DD466B9E1D9C0672007E7F91 /* DSLTool */,
				DD466BB81D9C0672007E7F91 /* DSLToolTests */,
				DD466BC31D9C0672007E7F91 /* DSLToolUITests */,
				DD466B9D1D9C0672007E7F91 /* Products */,
			);
			sourceTree = "<group>";
		};
		DD466B9D1D9C0672007E7F91 /* Products */ = {
			isa = PBXGroup;
			children = (
				DD466B9C1D9C0672007E7F91 /* DSLTool.app */,
				DD466BB51D9C0672007E7F91 /* DSLToolTests.xctest */,
				DD466BC01D9C0672007E7F91 /* DSLToolUITests.xctest */,
			);
			name = Products;
			sourceTree = "<group>";
		};
		DD466B9E1D9C0672007E7F91 /* DSLTool */ = {
			isa = PBXGroup;
			children = (
				DD466BD21D9C06C7007E7F91 /* DSLTool */,
				DD466BA21D9C0672007E7F91 /* AppDelegate.h */,
				DD466BA31D9C0672007E7F91 /* AppDelegate.m */,
				DD466BA51D9C0672007E7F91 /* ViewController.h */,
				DD466BA61D9C0672007E7F91 /* ViewController.m */,
				DD466BA81D9C0672007E7F91 /* Main.storyboard */,
				DD466BAB1D9C0672007E7F91 /* Assets.xcassets */,
				DD466BAD1D9C0672007E7F91 /* LaunchScreen.storyboard */,
				DD466BB01D9C0672007E7F91 /* Info.plist */,
				DD2B10581D9D6D2800659FE7 /* 1@2x.png */,
				DD466B9F1D9C0672007E7F91 /* Supporting Files */,
			);
			path = DSLTool;
			sourceTree = "<group>";
		};
		DD466B9F1D9C0672007E7F91 /* Supporting Files */ = {
			isa = PBXGroup;
			children = (
				DD466BD61D9C075A007E7F91 /* PrefixHeader.pch */,
				DD466BA01D9C0672007E7F91 /* main.m */,
			);
			name = "Supporting Files";
			sourceTree = "<group>";
		};
		DD466BB81D9C0672007E7F91 /* DSLToolTests */ = {
			isa = PBXGroup;
			children = (
				DD466BB91D9C0672007E7F91 /* DSLToolTests.m */,
				DD466BBB1D9C0672007E7F91 /* Info.plist */,
			);
			path = DSLToolTests;
			sourceTree = "<group>";
		};
		DD466BC31D9C0672007E7F91 /* DSLToolUITests */ = {
			isa = PBXGroup;
			children = (
				DD466BC41D9C0672007E7F91 /* DSLToolUITests.m */,
				DD466BC61D9C0672007E7F91 /* Info.plist */,
			);
			path = DSLToolUITests;
			sourceTree = "<group>";
		};
		DD466BD21D9C06C7007E7F91 /* DSLTool */ = {
			isa = PBXGroup;
			children = (
				DD466BD31D9C06D8007E7F91 /* DSLTool.h */,
				DD466BD41D9C06D8007E7F91 /* DSLTool.m */,
			);
			path = DSLTool;
			sourceTree = "<group>";
		};
/* End PBXGroup section */

/* Begin PBXNativeTarget section */
		DD466B9B1D9C0672007E7F91 /* DSLTool */ = {
			isa = PBXNativeTarget;
			buildConfigurationList = DD466BC91D9C0672007E7F91 /* Build configuration list for PBXNativeTarget "DSLTool" */;
			buildPhases = (
				DD466B981D9C0672007E7F91 /* Sources */,
				DD466B991D9C0672007E7F91 /* Frameworks */,
				DD466B9A1D9C0672007E7F91 /* Resources */,
			);
			buildRules = (
			);
			dependencies = (
			);
			name = DSLTool;
			productName = DSLTool;
			productReference = DD466B9C1D9C0672007E7F91 /* DSLTool.app */;
			productType = "com.apple.product-type.application";
		};
		DD466BB41D9C0672007E7F91 /* DSLToolTests */ = {
			isa = PBXNativeTarget;
			buildConfigurationList = DD466BCC1D9C0672007E7F91 /* Build configuration list for PBXNativeTarget "DSLToolTests" */;
			buildPhases = (
				DD466BB11D9C0672007E7F91 /* Sources */,
				DD466BB21D9C0672007E7F91 /* Frameworks */,
				DD466BB31D9C0672007E7F91 /* Resources */,
			);
			buildRules = (
			);
			dependencies = (
				DD466BB71D9C0672007E7F91 /* PBXTargetDependency */,
			);
			name = DSLToolTests;
			productName = DSLToolTests;
			productReference = DD466BB51D9C0672007E7F91 /* DSLToolTests.xctest */;
			productType = "com.apple.product-type.bundle.unit-test";
		};
		DD466BBF1D9C0672007E7F91 /* DSLToolUITests */ = {
			isa = PBXNativeTarget;
			buildConfigurationList = DD466BCF1D9C0672007E7F91 /* Build configuration list for PBXNativeTarget "DSLToolUITests" */;
			buildPhases = (
				DD466BBC1D9C0672007E7F91 /* Sources */,
				DD466BBD1D9C0672007E7F91 /* Frameworks */,
				DD466BBE1D9C0672007E7F91 /* Resources */,
			);
			buildRules = (
			);
			dependencies = (
				DD466BC21D9C0672007E7F91 /* PBXTargetDependency */,
			);
			name = DSLToolUITests;
			productName = DSLToolUITests;
			productReference = DD466BC01D9C0672007E7F91 /* DSLToolUITests.xctest */;
			productType = "com.apple.product-type.bundle.ui-testing";
		};
/* End PBXNativeTarget section */

/* Begin PBXProject section */
		DD466B941D9C0672007E7F91 /* Project object */ = {
			isa = PBXProject;
			attributes = {
				LastUpgradeCheck = 0800;
				ORGANIZATIONNAME = "邓顺来";
				TargetAttributes = {
					DD466B9B1D9C0672007E7F91 = {
						CreatedOnToolsVersion = 8.0;
						DevelopmentTeam = UJ6ZZAPFYZ;
						ProvisioningStyle = Automatic;
					};
					DD466BB41D9C0672007E7F91 = {
						CreatedOnToolsVersion = 8.0;
						DevelopmentTeam = QTRV8G9WAU;
						ProvisioningStyle = Automatic;
						TestTargetID = DD466B9B1D9C0672007E7F91;
					};
					DD466BBF1D9C0672007E7F91 = {
						CreatedOnToolsVersion = 8.0;
						DevelopmentTeam = QTRV8G9WAU;
						ProvisioningStyle = Automatic;
						TestTargetID = DD466B9B1D9C0672007E7F91;
					};
				};
			};
			buildConfigurationList = DD466B971D9C0672007E7F91 /* Build configuration list for PBXProject "DSLTool" */;
			compatibilityVersion = "Xcode 3.2";
			developmentRegion = English;
			hasScannedForEncodings = 0;
			knownRegions = (
				en,
				Base,
			);
			mainGroup = DD466B931D9C0672007E7F91;
			productRefGroup = DD466B9D1D9C0672007E7F91 /* Products */;
			projectDirPath = "";
			projectRoot = "";
			targets = (
				DD466B9B1D9C0672007E7F91 /* DSLTool */,
				DD466BB41D9C0672007E7F91 /* DSLToolTests */,
				DD466BBF1D9C0672007E7F91 /* DSLToolUITests */,
			);
		};
/* End PBXProject section */

/* Begin PBXResourcesBuildPhase section */
		DD466B9A1D9C0672007E7F91 /* Resources */ = {
			isa = PBXResourcesBuildPhase;
			buildActionMask = 2147483647;
			files = (
				DD466BAF1D9C0672007E7F91 /* LaunchScreen.storyboard in Resources */,
				DD466BAC1D9C0672007E7F91 /* Assets.xcassets in Resources */,
				DD2B10591D9D6D2800659FE7 /* 1@2x.png in Resources */,
				DD466BAA1D9C0672007E7F91 /* Main.storyboard in Resources */,
			);
			runOnlyForDeploymentPostprocessing = 0;
		};
		DD466BB31D9C0672007E7F91 /* Resources */ = {
			isa = PBXResourcesBuildPhase;
			buildActionMask = 2147483647;
			files = (
			);
			runOnlyForDeploymentPostprocessing = 0;
		};
		DD466BBE1D9C0672007E7F91 /* Resources */ = {
			isa = PBXResourcesBuildPhase;
			buildActionMask = 2147483647;
			files = (
			);
			runOnlyForDeploymentPostprocessing = 0;
		};
/* End PBXResourcesBuildPhase section */

/* Begin PBXSourcesBuildPhase section */
		DD466B981D9C0672007E7F91 /* Sources */ = {
			isa = PBXSourcesBuildPhase;
			buildActionMask = 2147483647;
			files = (
				DD466BA71D9C0672007E7F91 /* ViewController.m in Sources */,
				DD466BD51D9C06D8007E7F91 /* DSLTool.m in Sources */,
				DD466BA41D9C0672007E7F91 /* AppDelegate.m in Sources */,
				DD466BA11D9C0672007E7F91 /* main.m in Sources */,
			);
			runOnlyForDeploymentPostprocessing = 0;
		};
		DD466BB11D9C0672007E7F91 /* Sources */ = {
			isa = PBXSourcesBuildPhase;
			buildActionMask = 2147483647;
			files = (
				DD466BBA1D9C0672007E7F91 /* DSLToolTests.m in Sources */,
			);
			runOnlyForDeploymentPostprocessing = 0;
		};
		DD466BBC1D9C0672007E7F91 /* Sources */ = {
			isa = PBXSourcesBuildPhase;
			buildActionMask = 2147483647;
			files = (
				DD466BC51D9C0672007E7F91 /* DSLToolUITests.m in Sources */,
			);
			runOnlyForDeploymentPostprocessing = 0;
		};
/* End PBXSourcesBuildPhase section */

/* Begin PBXTargetDependency section */
		DD466BB71D9C0672007E7F91 /* PBXTargetDependency */ = {
			isa = PBXTargetDependency;
			target = DD466B9B1D9C0672007E7F91 /* DSLTool */;
			targetProxy = DD466BB61D9C0672007E7F91 /* PBXContainerItemProxy */;
		};
		DD466BC21D9C0672007E7F91 /* PBXTargetDependency */ = {
			isa = PBXTargetDependency;
			target = DD466B9B1D9C0672007E7F91 /* DSLTool */;
			targetProxy = DD466BC11D9C0672007E7F91 /* PBXContainerItemProxy */;
		};
/* End PBXTargetDependency section */

/* Begin PBXVariantGroup section */
		DD466BA81D9C0672007E7F91 /* Main.storyboard */ = {
			isa = PBXVariantGroup;
			children = (
				DD466BA91D9C0672007E7F91 /* Base */,
			);
			name = Main.storyboard;
			sourceTree = "<group>";
		};
		DD466BAD1D9C0672007E7F91 /* LaunchScreen.storyboard */ = {
			isa = PBXVariantGroup;
			children = (
				DD466BAE1D9C0672007E7F91 /* Base */,
			);
			name = LaunchScreen.storyboard;
			sourceTree = "<group>";
		};
/* End PBXVariantGroup section */

/* Begin XCBuildConfiguration section */
		DD466BC71D9C0672007E7F91 /* Debug */ = {
			isa = XCBuildConfiguration;
			buildSettings = {
				ALWAYS_SEARCH_USER_PATHS = NO;
				CLANG_ANALYZER_NONNULL = YES;
				CLANG_CXX_LANGUAGE_STANDARD = "gnu++0x";
				CLANG_CXX_LIBRARY = "libc++";
				CLANG_ENABLE_MODULES = YES;
				CLANG_ENABLE_OBJC_ARC = YES;
				CLANG_WARN_BOOL_CONVERSION = YES;
				CLANG_WARN_CONSTANT_CONVERSION = YES;
				CLANG_WARN_DIRECT_OBJC_ISA_USAGE = YES_ERROR;
				CLANG_WARN_DOCUMENTATION_COMMENTS = YES;
				CLANG_WARN_EMPTY_BODY = YES;
				CLANG_WARN_ENUM_CONVERSION = YES;
				CLANG_WARN_INFINITE_RECURSION = YES;
				CLANG_WARN_INT_CONVERSION = YES;
				CLANG_WARN_OBJC_ROOT_CLASS = YES_ERROR;
				CLANG_WARN_SUSPICIOUS_MOVES = YES;
				CLANG_WARN_UNREACHABLE_CODE = YES;
				CLANG_WARN__DUPLICATE_METHOD_MATCH = YES;
				"CODE_SIGN_IDENTITY[sdk=iphoneos*]" = "iPhone Developer";
				COPY_PHASE_STRIP = NO;
				DEBUG_INFORMATION_FORMAT = dwarf;
				ENABLE_STRICT_OBJC_MSGSEND = YES;
				ENABLE_TESTABILITY = YES;
				GCC_C_LANGUAGE_STANDARD = gnu99;
				GCC_DYNAMIC_NO_PIC = NO;
				GCC_NO_COMMON_BLOCKS = YES;
				GCC_OPTIMIZATION_LEVEL = 0;
				GCC_PREPROCESSOR_DEFINITIONS = (
					"DEBUG=1",
					"$(inherited)",
				);
				GCC_WARN_64_TO_32_BIT_CONVERSION = YES;
				GCC_WARN_ABOUT_RETURN_TYPE = YES_ERROR;
				GCC_WARN_UNDECLARED_SELECTOR = YES;
				GCC_WARN_UNINITIALIZED_AUTOS = YES_AGGRESSIVE;
				GCC_WARN_UNUSED_FUNCTION = YES;
				GCC_WARN_UNUSED_VARIABLE = YES;
				IPHONEOS_DEPLOYMENT_TARGET = 10.0;
				MTL_ENABLE_DEBUG_INFO = YES;
				ONLY_ACTIVE_ARCH = YES;
				SDKROOT = iphoneos;
				TARGETED_DEVICE_FAMILY = "1,2";
			};
			name = Debug;
		};
		DD466BC81D9C0672007E7F91 /* Release */ = {
			isa = XCBuildConfiguration;
			buildSettings = {
				ALWAYS_SEARCH_USER_PATHS = NO;
				CLANG_ANALYZER_NONNULL = YES;
				CLANG_CXX_LANGUAGE_STANDARD = "gnu++0x";
				CLANG_CXX_LIBRARY = "libc++";
				CLANG_ENABLE_MODULES = YES;
				CLANG_ENABLE_OBJC_ARC = YES;
				CLANG_WARN_BOOL_CONVERSION = YES;
				CLANG_WARN_CONSTANT_CONVERSION = YES;
				CLANG_WARN_DIRECT_OBJC_ISA_USAGE = YES_ERROR;
				CLANG_WARN_DOCUMENTATION_COMMENTS = YES;
				CLANG_WARN_EMPTY_BODY = YES;
				CLANG_WARN_ENUM_CONVERSION = YES;
				CLANG_WARN_INFINITE_RECURSION = YES;
				CLANG_WARN_INT_CONVERSION = YES;
				CLANG_WARN_OBJC_ROOT_CLASS = YES_ERROR;
				CLANG_WARN_SUSPICIOUS_MOVES = YES;
				CLANG_WARN_UNREACHABLE_CODE = YES;
				CLANG_WARN__DUPLICATE_METHOD_MATCH = YES;
				"CODE_SIGN_IDENTITY[sdk=iphoneos*]" = "iPhone Developer";
				COPY_PHASE_STRIP = NO;
				DEBUG_INFORMATION_FORMAT = "dwarf-with-dsym";
				ENABLE_NS_ASSERTIONS = NO;
				ENABLE_STRICT_OBJC_MSGSEND = YES;
				GCC_C_LANGUAGE_STANDARD = gnu99;
				GCC_NO_COMMON_BLOCKS = YES;
				GCC_WARN_64_TO_32_BIT_CONVERSION = YES;
				GCC_WARN_ABOUT_RETURN_TYPE = YES_ERROR;
				GCC_WARN_UNDECLARED_SELECTOR = YES;
				GCC_WARN_UNINITIALIZED_AUTOS = YES_AGGRESSIVE;
				GCC_WARN_UNUSED_FUNCTION = YES;
				GCC_WARN_UNUSED_VARIABLE = YES;
				IPHONEOS_DEPLOYMENT_TARGET = 10.0;
				MTL_ENABLE_DEBUG_INFO = NO;
				SDKROOT = iphoneos;
				TARGETED_DEVICE_FAMILY = "1,2";
				VALIDATE_PRODUCT = YES;
			};
			name = Release;
		};
		DD466BCA1D9C0672007E7F91 /* Debug */ = {
			isa = XCBuildConfiguration;
			buildSettings = {
				ASSETCATALOG_COMPILER_APPICON_NAME = AppIcon;
				DEVELOPMENT_TEAM = UJ6ZZAPFYZ;
				GCC_PREFIX_HEADER = "$(SRCROOT)/DSLTool/PrefixHeader.pch";
				INFOPLIST_FILE = DSLTool/Info.plist;
				LD_RUNPATH_SEARCH_PATHS = "$(inherited) @executable_path/Frameworks";
				PRODUCT_BUNDLE_IDENTIFIER = com.dsl.DSLTool;
				PRODUCT_NAME = "$(TARGET_NAME)";
			};
			name = Debug;
		};
		DD466BCB1D9C0672007E7F91 /* Release */ = {
			isa = XCBuildConfiguration;
			buildSettings = {
				ASSETCATALOG_COMPILER_APPICON_NAME = AppIcon;
				DEVELOPMENT_TEAM = UJ6ZZAPFYZ;
				GCC_PREFIX_HEADER = "$(SRCROOT)/DSLTool/PrefixHeader.pch";
				INFOPLIST_FILE = DSLTool/Info.plist;
				LD_RUNPATH_SEARCH_PATHS = "$(inherited) @executable_path/Frameworks";
				PRODUCT_BUNDLE_IDENTIFIER = com.dsl.DSLTool;
				PRODUCT_NAME = "$(TARGET_NAME)";
			};
			name = Release;
		};
		DD466BCD1D9C0672007E7F91 /* Debug */ = {
			isa = XCBuildConfiguration;
			buildSettings = {
				BUNDLE_LOADER = "$(TEST_HOST)";
				DEVELOPMENT_TEAM = QTRV8G9WAU;
				INFOPLIST_FILE = DSLToolTests/Info.plist;
				LD_RUNPATH_SEARCH_PATHS = "$(inherited) @executable_path/Frameworks @loader_path/Frameworks";
				PRODUCT_BUNDLE_IDENTIFIER = com.dsl.DSLToolTests;
				PRODUCT_NAME = "$(TARGET_NAME)";
				TEST_HOST = "$(BUILT_PRODUCTS_DIR)/DSLTool.app/DSLTool";
			};
			name = Debug;
		};
		DD466BCE1D9C0672007E7F91 /* Release */ = {
			isa = XCBuildConfiguration;
			buildSettings = {
				BUNDLE_LOADER = "$(TEST_HOST)";
				DEVELOPMENT_TEAM = QTRV8G9WAU;
				INFOPLIST_FILE = DSLToolTests/Info.plist;
				LD_RUNPATH_SEARCH_PATHS = "$(inherited) @executable_path/Frameworks @loader_path/Frameworks";
				PRODUCT_BUNDLE_IDENTIFIER = com.dsl.DSLToolTests;
				PRODUCT_NAME = "$(TARGET_NAME)";
				TEST_HOST = "$(BUILT_PRODUCTS_DIR)/DSLTool.app/DSLTool";
			};
			name = Release;
		};
		DD466BD01D9C0672007E7F91 /* Debug */ = {
			isa = XCBuildConfiguration;
			buildSettings = {
				DEVELOPMENT_TEAM = QTRV8G9WAU;
				INFOPLIST_FILE = DSLToolUITests/Info.plist;
				LD_RUNPATH_SEARCH_PATHS = "$(inherited) @executable_path/Frameworks @loader_path/Frameworks";
				PRODUCT_BUNDLE_IDENTIFIER = com.dsl.DSLToolUITests;
				PRODUCT_NAME = "$(TARGET_NAME)";
				TEST_TARGET_NAME = DSLTool;
			};
			name = Debug;
		};
		DD466BD11D9C0672007E7F91 /* Release */ = {
			isa = XCBuildConfiguration;
			buildSettings = {
				DEVELOPMENT_TEAM = QTRV8G9WAU;
				INFOPLIST_FILE = DSLToolUITests/Info.plist;
				LD_RUNPATH_SEARCH_PATHS = "$(inherited) @executable_path/Frameworks @loader_path/Frameworks";
				PRODUCT_BUNDLE_IDENTIFIER = com.dsl.DSLToolUITests;
				PRODUCT_NAME = "$(TARGET_NAME)";
				TEST_TARGET_NAME = DSLTool;
			};
			name = Release;
		};
/* End XCBuildConfiguration section */

/* Begin XCConfigurationList section */
		DD466B971D9C0672007E7F91 /* Build configuration list for PBXProject "DSLTool" */ = {
			isa = XCConfigurationList;
			buildConfigurations = (
				DD466BC71D9C0672007E7F91 /* Debug */,
				DD466BC81D9C0672007E7F91 /* Release */,
			);
			defaultConfigurationIsVisible = 0;
			defaultConfigurationName = Release;
		};
		DD466BC91D9C0672007E7F91 /* Build configuration list for PBXNativeTarget "DSLTool" */ = {
			isa = XCConfigurationList;
			buildConfigurations = (
				DD466BCA1D9C0672007E7F91 /* Debug */,
				DD466BCB1D9C0672007E7F91 /* Release */,
			);
			defaultConfigurationIsVisible = 0;
			defaultConfigurationName = Release;
		};
		DD466BCC1D9C0672007E7F91 /* Build configuration list for PBXNativeTarget "DSLToolTests" */ = {
			isa = XCConfigurationList;
			buildConfigurations = (
				DD466BCD1D9C0672007E7F91 /* Debug */,
				DD466BCE1D9C0672007E7F91 /* Release */,
			);
			defaultConfigurationIsVisible = 0;
			defaultConfigurationName = Release;
		};
		DD466BCF1D9C0672007E7F91 /* Build configuration list for PBXNativeTarget "DSLToolUITests" */ = {
			isa = XCConfigurationList;
			buildConfigurations = (
				DD466BD01D9C0672007E7F91 /* Debug */,
				DD466BD11D9C0672007E7F91 /* Release */,
			);
			defaultConfigurationIsVisible = 0;
			defaultConfigurationName = Release;
		};
/* End XCConfigurationList section */
	};
	rootObject = DD466B941D9C0672007E7F91 /* Project object */;
}
